Microsoft Visual Studio Solution File, Format Version 8.00
Project("{FAE04EC0-301F-11D3-BF4B-00C04F79EFBC}") = "AttemptIO", "AttemptIO.csproj", "{3D8E77C8-3FF8-4122-9AB4-A39F04343E29}"
	ProjectSection(ProjectDependencies) = postProject
	EndProjectSection
EndProject
Global
	GlobalSection(SolutionConfiguration) = preSolution
		Debug = Debug
		Release = Release
	EndGlobalSection
	GlobalSection(ProjectConfiguration) = postSolution
		{3D8E77C8-3FF8-4122-9AB4-A39F04343E29}.Debug.ActiveCfg = Debug|.NET
		{3D8E77C8-3FF8-4122-9AB4-A39F04343E29}.Debug.Build.0 = Debug|.NET
		{3D8E77C8-3FF8-4122-9AB4-A39F04343E29}.Release.ActiveCfg = Release|.NET
		{3D8E77C8-3FF8-4122-9AB4-A39F04343E29}.Release.Build.0 = Release|.NET
	EndGlobalSection
	GlobalSection(ExtensibilityGlobals) = postSolution
	EndGlobalSection
	GlobalSection(ExtensibilityAddIns) = postSolution
	EndGlobalSection
EndGlobal
