
Microsoft Visual Studio Solution File, Format Version 9.00
# Visual C# Express 2005
Project("{FAE04EC0-301F-11D3-BF4B-00C04F79EFBC}") = "SQLCommands", "SQLCommands\SQLCommands.csproj", "{87331F69-6223-44AF-885E-F89DE3FF5711}"
EndProject
Global
	GlobalSection(SolutionConfigurationPlatforms) = preSolution
		Debug|Any CPU = Debug|Any CPU
		Release|Any CPU = Release|Any CPU
	EndGlobalSection
	GlobalSection(ProjectConfigurationPlatforms) = postSolution
		{87331F69-6223-44AF-885E-F89DE3FF5711}.Debug|Any CPU.ActiveCfg = Debug|Any CPU
		{87331F69-6223-44AF-885E-F89DE3FF5711}.Debug|Any CPU.Build.0 = Debug|Any CPU
		{87331F69-6223-44AF-885E-F89DE3FF5711}.Release|Any CPU.ActiveCfg = Release|Any CPU
		{87331F69-6223-44AF-885E-F89DE3FF5711}.Release|Any CPU.Build.0 = Release|Any CPU
	EndGlobalSection
	GlobalSection(SolutionProperties) = preSolution
		HideSolutionNode = FALSE
	EndGlobalSection
EndGlobal
