
Microsoft Visual Studio Solution File, Format Version 9.00
# Visual Studio 2005
Project("{FAE04EC0-301F-11D3-BF4B-00C04F79EFBC}") = "InheritedControls", "InheritedControls\InheritedControls.csproj", "{AE1B1F73-FA6B-4FF5-9316-18FC37EB8D1D}"
EndProject
Global
	GlobalSection(SolutionConfigurationPlatforms) = preSolution
		Debug|Any CPU = Debug|Any CPU
		Release|Any CPU = Release|Any CPU
	EndGlobalSection
	GlobalSection(ProjectConfigurationPlatforms) = postSolution
		{AE1B1F73-FA6B-4FF5-9316-18FC37EB8D1D}.Debug|Any CPU.ActiveCfg = Debug|Any CPU
		{AE1B1F73-FA6B-4FF5-9316-18FC37EB8D1D}.Debug|Any CPU.Build.0 = Debug|Any CPU
		{AE1B1F73-FA6B-4FF5-9316-18FC37EB8D1D}.Release|Any CPU.ActiveCfg = Release|Any CPU
		{AE1B1F73-FA6B-4FF5-9316-18FC37EB8D1D}.Release|Any CPU.Build.0 = Release|Any CPU
	EndGlobalSection
	GlobalSection(SolutionProperties) = preSolution
		HideSolutionNode = FALSE
	EndGlobalSection
EndGlobal
