Microsoft Visual Studio Solution File, Format Version 8.00
Project("{FAE04EC0-301F-11D3-BF4B-00C04F79EFBC}") = "ConfiguredFileIOPermission", "ConfiguredFileIOPermission.csproj", "{940643A3-0077-4838-A51F-B48F861E7C96}"
	ProjectSection(ProjectDependencies) = postProject
	EndProjectSection
EndProject
Global
	GlobalSection(SolutionConfiguration) = preSolution
		Debug = Debug
		Release = Release
	EndGlobalSection
	GlobalSection(ProjectConfiguration) = postSolution
		{940643A3-0077-4838-A51F-B48F861E7C96}.Debug.ActiveCfg = Debug|.NET
		{940643A3-0077-4838-A51F-B48F861E7C96}.Debug.Build.0 = Debug|.NET
		{940643A3-0077-4838-A51F-B48F861E7C96}.Release.ActiveCfg = Release|.NET
		{940643A3-0077-4838-A51F-B48F861E7C96}.Release.Build.0 = Release|.NET
	EndGlobalSection
	GlobalSection(ExtensibilityGlobals) = postSolution
	EndGlobalSection
	GlobalSection(ExtensibilityAddIns) = postSolution
	EndGlobalSection
EndGlobal
