Microsoft Visual Studio Solution File, Format Version 8.00
Project("{FAE04EC0-301F-11D3-BF4B-00C04F79EFBC}") = "AvoidIO", "AvoidIO.csproj", "{590DF41D-507E-4E63-A008-25BF30E7853B}"
	ProjectSection(ProjectDependencies) = postProject
	EndProjectSection
EndProject
Global
	GlobalSection(SolutionConfiguration) = preSolution
		Debug = Debug
		Release = Release
	EndGlobalSection
	GlobalSection(ProjectConfiguration) = postSolution
		{590DF41D-507E-4E63-A008-25BF30E7853B}.Debug.ActiveCfg = Debug|.NET
		{590DF41D-507E-4E63-A008-25BF30E7853B}.Debug.Build.0 = Debug|.NET
		{590DF41D-507E-4E63-A008-25BF30E7853B}.Release.ActiveCfg = Release|.NET
		{590DF41D-507E-4E63-A008-25BF30E7853B}.Release.Build.0 = Release|.NET
	EndGlobalSection
	GlobalSection(ExtensibilityGlobals) = postSolution
	EndGlobalSection
	GlobalSection(ExtensibilityAddIns) = postSolution
	EndGlobalSection
EndGlobal
