Microsoft Visual Studio Solution File, Format Version 9.00
# Visual Studio 2005
Project("{FAE04EC0-301F-11D3-BF4B-00C04F79EFBC}") = "EncryptedHash", "EncryptedHash.csproj", "{09D55AB2-5DE9-46F9-907F-0354CB2BCC62}"
EndProject
Global
	GlobalSection(SolutionConfigurationPlatforms) = preSolution
		Debug|Any CPU = Debug|Any CPU
		Release|Any CPU = Release|Any CPU
	EndGlobalSection
	GlobalSection(ProjectConfigurationPlatforms) = postSolution
		{09D55AB2-5DE9-46F9-907F-0354CB2BCC62}.Debug|Any CPU.ActiveCfg = Debug|Any CPU
		{09D55AB2-5DE9-46F9-907F-0354CB2BCC62}.Debug|Any CPU.Build.0 = Debug|Any CPU
		{09D55AB2-5DE9-46F9-907F-0354CB2BCC62}.Release|Any CPU.ActiveCfg = Release|Any CPU
		{09D55AB2-5DE9-46F9-907F-0354CB2BCC62}.Release|Any CPU.Build.0 = Release|Any CPU
	EndGlobalSection
	GlobalSection(SolutionProperties) = preSolution
		HideSolutionNode = FALSE
	EndGlobalSection
EndGlobal
